
Microsoft Visual Studio Solution File, Format Version 12.00
# Visual Studio 15
VisualStudioVersion = 15.0.26124.0
MinimumVisualStudioVersion = 15.0.26124.0
Project("{9A19103F-16F7-4668-BE54-9A1E7A4F7556}") = "Unik.Marketing.Integration.Tools", "src\Unik.Marketing.Integration.Tools\Unik.Marketing.Integration.Tools.csproj", "{86E8EA90-AC58-43D3-BC47-687E8DFEC943}"
EndProject
Project("{FAE04EC0-301F-11D3-BF4B-00C04F79EFBC}") = "Unik.Marketing.Integration.Service", "src\Unik.Marketing.Integration.Service\Unik.Marketing.Integration.Service.csproj", "{28C8C638-4C09-446A-B20C-CD19B2C86C37}"
EndProject
Project("{FAE04EC0-301F-11D3-BF4B-00C04F79EFBC}") = "Unik.Marketing.Integration.Cli", "src\Unik.Marketing.Integration.Cli\Unik.Marketing.Integration.Cli.csproj", "{1C19A7CD-9861-444E-ADDD-FD3D1B0EAD9D}"
EndProject
Global
	GlobalSection(SolutionConfigurationPlatforms) = preSolution
		Debug|Any CPU = Debug|Any CPU
		Release|Any CPU = Release|Any CPU
	EndGlobalSection
	GlobalSection(ProjectConfigurationPlatforms) = postSolution
		{86E8EA90-AC58-43D3-BC47-687E8DFEC943}.Debug|Any CPU.ActiveCfg = Debug|Any CPU
		{86E8EA90-AC58-43D3-BC47-687E8DFEC943}.Debug|Any CPU.Build.0 = Debug|Any CPU
		{86E8EA90-AC58-43D3-BC47-687E8DFEC943}.Release|Any CPU.ActiveCfg = Release|Any CPU
		{86E8EA90-AC58-43D3-BC47-687E8DFEC943}.Release|Any CPU.Build.0 = Release|Any CPU
		{28C8C638-4C09-446A-B20C-CD19B2C86C37}.Debug|Any CPU.ActiveCfg = Debug|Any CPU
		{28C8C638-4C09-446A-B20C-CD19B2C86C37}.Debug|Any CPU.Build.0 = Debug|Any CPU
		{28C8C638-4C09-446A-B20C-CD19B2C86C37}.Release|Any CPU.ActiveCfg = Release|Any CPU
		{28C8C638-4C09-446A-B20C-CD19B2C86C37}.Release|Any CPU.Build.0 = Release|Any CPU
		{1C19A7CD-9861-444E-ADDD-FD3D1B0EAD9D}.Debug|Any CPU.ActiveCfg = Debug|Any CPU
		{1C19A7CD-9861-444E-ADDD-FD3D1B0EAD9D}.Debug|Any CPU.Build.0 = Debug|Any CPU
		{1C19A7CD-9861-444E-ADDD-FD3D1B0EAD9D}.Release|Any CPU.ActiveCfg = Release|Any CPU
		{1C19A7CD-9861-444E-ADDD-FD3D1B0EAD9D}.Release|Any CPU.Build.0 = Release|Any CPU
	EndGlobalSection
	GlobalSection(SolutionProperties) = preSolution
		HideSolutionNode = FALSE
	EndGlobalSection
	GlobalSection(ExtensibilityGlobals) = postSolution
		SolutionGuid = {A21E355B-3F1E-4C13-8F98-21524AF397C2}
	EndGlobalSection
EndGlobal
