
Microsoft Visual Studio Solution File, Format Version 12.00
# Visual Studio 15
VisualStudioVersion = 15.0.28307.168
MinimumVisualStudioVersion = 10.0.40219.1
Project("{9A19103F-16F7-4668-BE54-9A1E7A4F7556}") = "Unik.Marketing.Api.Web", "src\Unik.Marketing.Api.Web\Unik.Marketing.Api.Web.csproj", "{ED219154-B953-4A82-976A-2119C5F85569}"
EndProject
Project("{9A19103F-16F7-4668-BE54-9A1E7A4F7556}") = "Unik.Marketing.Api.Domain", "src\Unik.Marketing.Api.Domain\Unik.Marketing.Api.Domain.csproj", "{8DAE0337-EF8E-47EE-BE29-2718DFC93FCF}"
EndProject
Project("{9A19103F-16F7-4668-BE54-9A1E7A4F7556}") = "Unik.Marketing.Api.Data.MongoDb", "src\Unik.Marketing.Api.Data.MongoDb\Unik.Marketing.Api.Data.MongoDb.csproj", "{D24BE9D6-30E8-4AF5-A490-BCDF9C73F218}"
EndProject
Project("{9A19103F-16F7-4668-BE54-9A1E7A4F7556}") = "Unik.Marketing.Api.Data", "src\Unik.Marketing.Api.Data\Unik.Marketing.Api.Data.csproj", "{08FEFAAD-4E3B-44D2-9328-B010B8C707AA}"
EndProject
Global
	GlobalSection(SolutionConfigurationPlatforms) = preSolution
		Debug|Any CPU = Debug|Any CPU
		Release|Any CPU = Release|Any CPU
	EndGlobalSection
	GlobalSection(ProjectConfigurationPlatforms) = postSolution
		{ED219154-B953-4A82-976A-2119C5F85569}.Debug|Any CPU.ActiveCfg = Debug|Any CPU
		{ED219154-B953-4A82-976A-2119C5F85569}.Debug|Any CPU.Build.0 = Debug|Any CPU
		{ED219154-B953-4A82-976A-2119C5F85569}.Release|Any CPU.ActiveCfg = Release|Any CPU
		{ED219154-B953-4A82-976A-2119C5F85569}.Release|Any CPU.Build.0 = Release|Any CPU
		{8DAE0337-EF8E-47EE-BE29-2718DFC93FCF}.Debug|Any CPU.ActiveCfg = Debug|Any CPU
		{8DAE0337-EF8E-47EE-BE29-2718DFC93FCF}.Debug|Any CPU.Build.0 = Debug|Any CPU
		{8DAE0337-EF8E-47EE-BE29-2718DFC93FCF}.Release|Any CPU.ActiveCfg = Release|Any CPU
		{8DAE0337-EF8E-47EE-BE29-2718DFC93FCF}.Release|Any CPU.Build.0 = Release|Any CPU
		{D24BE9D6-30E8-4AF5-A490-BCDF9C73F218}.Debug|Any CPU.ActiveCfg = Debug|Any CPU
		{D24BE9D6-30E8-4AF5-A490-BCDF9C73F218}.Debug|Any CPU.Build.0 = Debug|Any CPU
		{D24BE9D6-30E8-4AF5-A490-BCDF9C73F218}.Release|Any CPU.ActiveCfg = Release|Any CPU
		{D24BE9D6-30E8-4AF5-A490-BCDF9C73F218}.Release|Any CPU.Build.0 = Release|Any CPU
		{08FEFAAD-4E3B-44D2-9328-B010B8C707AA}.Debug|Any CPU.ActiveCfg = Debug|Any CPU
		{08FEFAAD-4E3B-44D2-9328-B010B8C707AA}.Debug|Any CPU.Build.0 = Debug|Any CPU
		{08FEFAAD-4E3B-44D2-9328-B010B8C707AA}.Release|Any CPU.ActiveCfg = Release|Any CPU
		{08FEFAAD-4E3B-44D2-9328-B010B8C707AA}.Release|Any CPU.Build.0 = Release|Any CPU
	EndGlobalSection
	GlobalSection(SolutionProperties) = preSolution
		HideSolutionNode = FALSE
	EndGlobalSection
	GlobalSection(ExtensibilityGlobals) = postSolution
		SolutionGuid = {4805A681-08DC-4E11-AA08-EC1B62D6CE5D}
	EndGlobalSection
EndGlobal
